// !$*UTF8*$!
{
	archiveVersion = 1;
	classes = {
	};
	objectVersion = 46;
	objects = {

/* Begin PBXBuildFile section */
		180D49101D51849000E2F138 /* SDCUrlRouteCenter.m in Sources */ = {isa = PBXBuildFile; fileRef = 180D49021D51849000E2F138 /* SDCUrlRouteCenter.m */; };
		180D49111D51849000E2F138 /* SDCUrlRouteData.m in Sources */ = {isa = PBXBuildFile; fileRef = 180D49061D51849000E2F138 /* SDCUrlRouteData.m */; };
		180D49121D51849000E2F138 /* UIApplication+SDCUrlRoute.m in Sources */ = {isa = PBXBuildFile; fileRef = 180D49081D51849000E2F138 /* UIApplication+SDCUrlRoute.m */; };
		180D49131D51849000E2F138 /* UIViewController+SDCUrlRoute.m in Sources */ = {isa = PBXBuildFile; fileRef = 180D490A1D51849000E2F138 /* UIViewController+SDCUrlRoute.m */; };
		180D49141D51849000E2F138 /* SDCUrlRouteFile.plist in Resources */ = {isa = PBXBuildFile; fileRef = 180D490C1D51849000E2F138 /* SDCUrlRouteFile.plist */; };
		180D49151D51849000E2F138 /* SDCUrlRouteCenter+DataReload.m in Sources */ = {isa = PBXBuildFile; fileRef = 180D490F1D51849000E2F138 /* SDCUrlRouteCenter+DataReload.m */; };
		186CF8BC1CA1523B002BBF61 /* main.m in Sources */ = {isa = PBXBuildFile; fileRef = 186CF8BB1CA1523B002BBF61 /* main.m */; };
		186CF8BF1CA1523B002BBF61 /* AppDelegate.m in Sources */ = {isa = PBXBuildFile; fileRef = 186CF8BE1CA1523B002BBF61 /* AppDelegate.m */; };
		186CF8C21CA1523B002BBF61 /* ViewController.m in Sources */ = {isa = PBXBuildFile; fileRef = 186CF8C11CA1523B002BBF61 /* ViewController.m */; };
		186CF8C71CA1523B002BBF61 /* Assets.xcassets in Resources */ = {isa = PBXBuildFile; fileRef = 186CF8C61CA1523B002BBF61 /* Assets.xcassets */; };
		186CF8CA1CA1523B002BBF61 /* LaunchScreen.storyboard in Resources */ = {isa = PBXBuildFile; fileRef = 186CF8C81CA1523B002BBF61 /* LaunchScreen.storyboard */; };
		186CF8E71CA154BC002BBF61 /* TestViewController.m in Sources */ = {isa = PBXBuildFile; fileRef = 186CF8E61CA154BC002BBF61 /* TestViewController.m */; };
		18F4B9251DEFBC3400EBE375 /* SDCUrlRouteMapping.m in Sources */ = {isa = PBXBuildFile; fileRef = 18F4B9241DEFBC3400EBE375 /* SDCUrlRouteMapping.m */; };
/* End PBXBuildFile section */

/* Begin PBXFileReference section */
		180D49011D51849000E2F138 /* SDCUrlRouteCenter.h */ = {isa = PBXFileReference; fileEncoding = 4; lastKnownFileType = sourcecode.c.h; path = SDCUrlRouteCenter.h; sourceTree = "<group>"; };
		180D49021D51849000E2F138 /* SDCUrlRouteCenter.m */ = {isa = PBXFileReference; fileEncoding = 4; lastKnownFileType = sourcecode.c.objc; path = SDCUrlRouteCenter.m; sourceTree = "<group>"; };
		180D49031D51849000E2F138 /* SDCUrlRouteCenter_Protect.h */ = {isa = PBXFileReference; fileEncoding = 4; lastKnownFileType = sourcecode.c.h; path = SDCUrlRouteCenter_Protect.h; sourceTree = "<group>"; };
		180D49041D51849000E2F138 /* SDCUrlRouteConfig.h */ = {isa = PBXFileReference; fileEncoding = 4; lastKnownFileType = sourcecode.c.h; path = SDCUrlRouteConfig.h; sourceTree = "<group>"; };
		180D49051D51849000E2F138 /* SDCUrlRouteData.h */ = {isa = PBXFileReference; fileEncoding = 4; lastKnownFileType = sourcecode.c.h; path = SDCUrlRouteData.h; sourceTree = "<group>"; };
		180D49061D51849000E2F138 /* SDCUrlRouteData.m */ = {isa = PBXFileReference; fileEncoding = 4; lastKnownFileType = sourcecode.c.objc; path = SDCUrlRouteData.m; sourceTree = "<group>"; };
		180D49071D51849000E2F138 /* UIApplication+SDCUrlRoute.h */ = {isa = PBXFileReference; fileEncoding = 4; lastKnownFileType = sourcecode.c.h; path = "UIApplication+SDCUrlRoute.h"; sourceTree = "<group>"; };
		180D49081D51849000E2F138 /* UIApplication+SDCUrlRoute.m */ = {isa = PBXFileReference; fileEncoding = 4; lastKnownFileType = sourcecode.c.objc; path = "UIApplication+SDCUrlRoute.m"; sourceTree = "<group>"; };
		180D49091D51849000E2F138 /* UIViewController+SDCUrlRoute.h */ = {isa = PBXFileReference; fileEncoding = 4; lastKnownFileType = sourcecode.c.h; path = "UIViewController+SDCUrlRoute.h"; sourceTree = "<group>"; };
		180D490A1D51849000E2F138 /* UIViewController+SDCUrlRoute.m */ = {isa = PBXFileReference; fileEncoding = 4; lastKnownFileType = sourcecode.c.objc; path = "UIViewController+SDCUrlRoute.m"; sourceTree = "<group>"; };
		180D490C1D51849000E2F138 /* SDCUrlRouteFile.plist */ = {isa = PBXFileReference; fileEncoding = 4; lastKnownFileType = text.plist.xml; path = SDCUrlRouteFile.plist; sourceTree = "<group>"; };
		180D490E1D51849000E2F138 /* SDCUrlRouteCenter+DataReload.h */ = {isa = PBXFileReference; fileEncoding = 4; lastKnownFileType = sourcecode.c.h; path = "SDCUrlRouteCenter+DataReload.h"; sourceTree = "<group>"; };
		180D490F1D51849000E2F138 /* SDCUrlRouteCenter+DataReload.m */ = {isa = PBXFileReference; fileEncoding = 4; lastKnownFileType = sourcecode.c.objc; path = "SDCUrlRouteCenter+DataReload.m"; sourceTree = "<group>"; };
		186CF8B71CA1523B002BBF61 /* UrlRouteSample.app */ = {isa = PBXFileReference; explicitFileType = wrapper.application; includeInIndex = 0; path = UrlRouteSample.app; sourceTree = BUILT_PRODUCTS_DIR; };
		186CF8BB1CA1523B002BBF61 /* main.m */ = {isa = PBXFileReference; lastKnownFileType = sourcecode.c.objc; path = main.m; sourceTree = "<group>"; };
		186CF8BD1CA1523B002BBF61 /* AppDelegate.h */ = {isa = PBXFileReference; lastKnownFileType = sourcecode.c.h; path = AppDelegate.h; sourceTree = "<group>"; };
		186CF8BE1CA1523B002BBF61 /* AppDelegate.m */ = {isa = PBXFileReference; lastKnownFileType = sourcecode.c.objc; path = AppDelegate.m; sourceTree = "<group>"; };
		186CF8C01CA1523B002BBF61 /* ViewController.h */ = {isa = PBXFileReference; lastKnownFileType = sourcecode.c.h; path = ViewController.h; sourceTree = "<group>"; };
		186CF8C11CA1523B002BBF61 /* ViewController.m */ = {isa = PBXFileReference; lastKnownFileType = sourcecode.c.objc; path = ViewController.m; sourceTree = "<group>"; };
		186CF8C61CA1523B002BBF61 /* Assets.xcassets */ = {isa = PBXFileReference; lastKnownFileType = folder.assetcatalog; path = Assets.xcassets; sourceTree = "<group>"; };
		186CF8C91CA1523B002BBF61 /* Base */ = {isa = PBXFileReference; lastKnownFileType = file.storyboard; name = Base; path = Base.lproj/LaunchScreen.storyboard; sourceTree = "<group>"; };
		186CF8CB1CA1523B002BBF61 /* Info.plist */ = {isa = PBXFileReference; lastKnownFileType = text.plist.xml; path = Info.plist; sourceTree = "<group>"; };
		186CF8E51CA154BC002BBF61 /* TestViewController.h */ = {isa = PBXFileReference; fileEncoding = 4; lastKnownFileType = sourcecode.c.h; path = TestViewController.h; sourceTree = "<group>"; };
		186CF8E61CA154BC002BBF61 /* TestViewController.m */ = {isa = PBXFileReference; fileEncoding = 4; lastKnownFileType = sourcecode.c.objc; path = TestViewController.m; sourceTree = "<group>"; };
		18EFD42A1D2B4B1600C908DD /* SDCUrlRoute.h */ = {isa = PBXFileReference; fileEncoding = 4; lastKnownFileType = sourcecode.c.h; path = SDCUrlRoute.h; sourceTree = "<group>"; };
		18F4B9231DEFBC3400EBE375 /* SDCUrlRouteMapping.h */ = {isa = PBXFileReference; fileEncoding = 4; lastKnownFileType = sourcecode.c.h; path = SDCUrlRouteMapping.h; sourceTree = "<group>"; };
		18F4B9241DEFBC3400EBE375 /* SDCUrlRouteMapping.m */ = {isa = PBXFileReference; fileEncoding = 4; lastKnownFileType = sourcecode.c.objc; path = SDCUrlRouteMapping.m; sourceTree = "<group>"; };
/* End PBXFileReference section */

/* Begin PBXFrameworksBuildPhase section */
		186CF8B41CA1523B002BBF61 /* Frameworks */ = {
			isa = PBXFrameworksBuildPhase;
			buildActionMask = 2147483647;
			files = (
			);
			runOnlyForDeploymentPostprocessing = 0;
		};
/* End PBXFrameworksBuildPhase section */

/* Begin PBXGroup section */
		180D49001D51849000E2F138 /* Base */ = {
			isa = PBXGroup;
			children = (
				180D49011D51849000E2F138 /* SDCUrlRouteCenter.h */,
				180D49021D51849000E2F138 /* SDCUrlRouteCenter.m */,
				180D49031D51849000E2F138 /* SDCUrlRouteCenter_Protect.h */,
				180D49041D51849000E2F138 /* SDCUrlRouteConfig.h */,
				180D49051D51849000E2F138 /* SDCUrlRouteData.h */,
				180D49061D51849000E2F138 /* SDCUrlRouteData.m */,
				18F4B9231DEFBC3400EBE375 /* SDCUrlRouteMapping.h */,
				18F4B9241DEFBC3400EBE375 /* SDCUrlRouteMapping.m */,
				180D49071D51849000E2F138 /* UIApplication+SDCUrlRoute.h */,
				180D49081D51849000E2F138 /* UIApplication+SDCUrlRoute.m */,
				180D49091D51849000E2F138 /* UIViewController+SDCUrlRoute.h */,
				180D490A1D51849000E2F138 /* UIViewController+SDCUrlRoute.m */,
			);
			path = Base;
			sourceTree = "<group>";
		};
		180D490B1D51849000E2F138 /* Data */ = {
			isa = PBXGroup;
			children = (
				180D490C1D51849000E2F138 /* SDCUrlRouteFile.plist */,
			);
			path = Data;
			sourceTree = "<group>";
		};
		180D490D1D51849000E2F138 /* Ext */ = {
			isa = PBXGroup;
			children = (
				180D490E1D51849000E2F138 /* SDCUrlRouteCenter+DataReload.h */,
				180D490F1D51849000E2F138 /* SDCUrlRouteCenter+DataReload.m */,
			);
			path = Ext;
			sourceTree = "<group>";
		};
		186CF8AE1CA1523B002BBF61 = {
			isa = PBXGroup;
			children = (
				186CF8B91CA1523B002BBF61 /* UrlRouteSample */,
				186CF8B81CA1523B002BBF61 /* Products */,
			);
			sourceTree = "<group>";
		};
		186CF8B81CA1523B002BBF61 /* Products */ = {
			isa = PBXGroup;
			children = (
				186CF8B71CA1523B002BBF61 /* UrlRouteSample.app */,
			);
			name = Products;
			sourceTree = "<group>";
		};
		186CF8B91CA1523B002BBF61 /* UrlRouteSample */ = {
			isa = PBXGroup;
			children = (
				186CF8D11CA152A7002BBF61 /* UrlRoute */,
				186CF8BD1CA1523B002BBF61 /* AppDelegate.h */,
				186CF8BE1CA1523B002BBF61 /* AppDelegate.m */,
				186CF8C01CA1523B002BBF61 /* ViewController.h */,
				186CF8C11CA1523B002BBF61 /* ViewController.m */,
				186CF8E51CA154BC002BBF61 /* TestViewController.h */,
				186CF8E61CA154BC002BBF61 /* TestViewController.m */,
				186CF8C61CA1523B002BBF61 /* Assets.xcassets */,
				186CF8C81CA1523B002BBF61 /* LaunchScreen.storyboard */,
				186CF8CB1CA1523B002BBF61 /* Info.plist */,
				186CF8BA1CA1523B002BBF61 /* Supporting Files */,
			);
			path = UrlRouteSample;
			sourceTree = "<group>";
		};
		186CF8BA1CA1523B002BBF61 /* Supporting Files */ = {
			isa = PBXGroup;
			children = (
				186CF8BB1CA1523B002BBF61 /* main.m */,
			);
			name = "Supporting Files";
			sourceTree = "<group>";
		};
		186CF8D11CA152A7002BBF61 /* UrlRoute */ = {
			isa = PBXGroup;
			children = (
				18EFD41D1D2B4B1600C908DD /* SDCUrlRoute */,
				18EFD42A1D2B4B1600C908DD /* SDCUrlRoute.h */,
			);
			path = UrlRoute;
			sourceTree = SOURCE_ROOT;
		};
		18EFD41D1D2B4B1600C908DD /* SDCUrlRoute */ = {
			isa = PBXGroup;
			children = (
				180D49001D51849000E2F138 /* Base */,
				180D490B1D51849000E2F138 /* Data */,
				180D490D1D51849000E2F138 /* Ext */,
			);
			path = SDCUrlRoute;
			sourceTree = "<group>";
		};
/* End PBXGroup section */

/* Begin PBXNativeTarget section */
		186CF8B61CA1523B002BBF61 /* UrlRouteSample */ = {
			isa = PBXNativeTarget;
			buildConfigurationList = 186CF8CE1CA1523B002BBF61 /* Build configuration list for PBXNativeTarget "UrlRouteSample" */;
			buildPhases = (
				186CF8B31CA1523B002BBF61 /* Sources */,
				186CF8B41CA1523B002BBF61 /* Frameworks */,
				186CF8B51CA1523B002BBF61 /* Resources */,
			);
			buildRules = (
			);
			dependencies = (
			);
			name = UrlRouteSample;
			productName = UrlRouteSample;
			productReference = 186CF8B71CA1523B002BBF61 /* UrlRouteSample.app */;
			productType = "com.apple.product-type.application";
		};
/* End PBXNativeTarget section */

/* Begin PBXProject section */
		186CF8AF1CA1523B002BBF61 /* Project object */ = {
			isa = PBXProject;
			attributes = {
				LastUpgradeCheck = 0720;
				ORGANIZATIONNAME = com.shudong.urlRoute;
				TargetAttributes = {
					186CF8B61CA1523B002BBF61 = {
						CreatedOnToolsVersion = 7.2.1;
					};
				};
			};
			buildConfigurationList = 186CF8B21CA1523B002BBF61 /* Build configuration list for PBXProject "UrlRouteSample" */;
			compatibilityVersion = "Xcode 3.2";
			developmentRegion = English;
			hasScannedForEncodings = 0;
			knownRegions = (
				en,
				Base,
			);
			mainGroup = 186CF8AE1CA1523B002BBF61;
			productRefGroup = 186CF8B81CA1523B002BBF61 /* Products */;
			projectDirPath = "";
			projectRoot = "";
			targets = (
				186CF8B61CA1523B002BBF61 /* UrlRouteSample */,
			);
		};
/* End PBXProject section */

/* Begin PBXResourcesBuildPhase section */
		186CF8B51CA1523B002BBF61 /* Resources */ = {
			isa = PBXResourcesBuildPhase;
			buildActionMask = 2147483647;
			files = (
				180D49141D51849000E2F138 /* SDCUrlRouteFile.plist in Resources */,
				186CF8CA1CA1523B002BBF61 /* LaunchScreen.storyboard in Resources */,
				186CF8C71CA1523B002BBF61 /* Assets.xcassets in Resources */,
			);
			runOnlyForDeploymentPostprocessing = 0;
		};
/* End PBXResourcesBuildPhase section */

/* Begin PBXSourcesBuildPhase section */
		186CF8B31CA1523B002BBF61 /* Sources */ = {
			isa = PBXSourcesBuildPhase;
			buildActionMask = 2147483647;
			files = (
				180D49151D51849000E2F138 /* SDCUrlRouteCenter+DataReload.m in Sources */,
				18F4B9251DEFBC3400EBE375 /* SDCUrlRouteMapping.m in Sources */,
				180D49111D51849000E2F138 /* SDCUrlRouteData.m in Sources */,
				186CF8C21CA1523B002BBF61 /* ViewController.m in Sources */,
				180D49121D51849000E2F138 /* UIApplication+SDCUrlRoute.m in Sources */,
				186CF8BF1CA1523B002BBF61 /* AppDelegate.m in Sources */,
				186CF8BC1CA1523B002BBF61 /* main.m in Sources */,
				180D49131D51849000E2F138 /* UIViewController+SDCUrlRoute.m in Sources */,
				186CF8E71CA154BC002BBF61 /* TestViewController.m in Sources */,
				180D49101D51849000E2F138 /* SDCUrlRouteCenter.m in Sources */,
			);
			runOnlyForDeploymentPostprocessing = 0;
		};
/* End PBXSourcesBuildPhase section */

/* Begin PBXVariantGroup section */
		186CF8C81CA1523B002BBF61 /* LaunchScreen.storyboard */ = {
			isa = PBXVariantGroup;
			children = (
				186CF8C91CA1523B002BBF61 /* Base */,
			);
			name = LaunchScreen.storyboard;
			sourceTree = "<group>";
		};
/* End PBXVariantGroup section */

/* Begin XCBuildConfiguration section */
		186CF8CC1CA1523B002BBF61 /* Debug */ = {
			isa = XCBuildConfiguration;
			buildSettings = {
				ALWAYS_SEARCH_USER_PATHS = NO;
				CLANG_CXX_LANGUAGE_STANDARD = "gnu++0x";
				CLANG_CXX_LIBRARY = "libc++";
				CLANG_ENABLE_MODULES = YES;
				CLANG_ENABLE_OBJC_ARC = YES;
				CLANG_WARN_BOOL_CONVERSION = YES;
				CLANG_WARN_CONSTANT_CONVERSION = YES;
				CLANG_WARN_DIRECT_OBJC_ISA_USAGE = YES_ERROR;
				CLANG_WARN_EMPTY_BODY = YES;
				CLANG_WARN_ENUM_CONVERSION = YES;
				CLANG_WARN_INT_CONVERSION = YES;
				CLANG_WARN_OBJC_ROOT_CLASS = YES_ERROR;
				CLANG_WARN_UNREACHABLE_CODE = YES;
				CLANG_WARN__DUPLICATE_METHOD_MATCH = YES;
				"CODE_SIGN_IDENTITY[sdk=iphoneos*]" = "iPhone Developer";
				COPY_PHASE_STRIP = NO;
				DEBUG_INFORMATION_FORMAT = dwarf;
				ENABLE_STRICT_OBJC_MSGSEND = YES;
				ENABLE_TESTABILITY = YES;
				GCC_C_LANGUAGE_STANDARD = gnu99;
				GCC_DYNAMIC_NO_PIC = NO;
				GCC_NO_COMMON_BLOCKS = YES;
				GCC_OPTIMIZATION_LEVEL = 0;
				GCC_PREPROCESSOR_DEFINITIONS = (
					"DEBUG=1",
					"$(inherited)",
				);
				GCC_WARN_64_TO_32_BIT_CONVERSION = YES;
				GCC_WARN_ABOUT_RETURN_TYPE = YES_ERROR;
				GCC_WARN_UNDECLARED_SELECTOR = YES;
				GCC_WARN_UNINITIALIZED_AUTOS = YES_AGGRESSIVE;
				GCC_WARN_UNUSED_FUNCTION = YES;
				GCC_WARN_UNUSED_VARIABLE = YES;
				IPHONEOS_DEPLOYMENT_TARGET = 9.2;
				MTL_ENABLE_DEBUG_INFO = YES;
				ONLY_ACTIVE_ARCH = YES;
				SDKROOT = iphoneos;
			};
			name = Debug;
		};
		186CF8CD1CA1523B002BBF61 /* Release */ = {
			isa = XCBuildConfiguration;
			buildSettings = {
				ALWAYS_SEARCH_USER_PATHS = NO;
				CLANG_CXX_LANGUAGE_STANDARD = "gnu++0x";
				CLANG_CXX_LIBRARY = "libc++";
				CLANG_ENABLE_MODULES = YES;
				CLANG_ENABLE_OBJC_ARC = YES;
				CLANG_WARN_BOOL_CONVERSION = YES;
				CLANG_WARN_CONSTANT_CONVERSION = YES;
				CLANG_WARN_DIRECT_OBJC_ISA_USAGE = YES_ERROR;
				CLANG_WARN_EMPTY_BODY = YES;
				CLANG_WARN_ENUM_CONVERSION = YES;
				CLANG_WARN_INT_CONVERSION = YES;
				CLANG_WARN_OBJC_ROOT_CLASS = YES_ERROR;
				CLANG_WARN_UNREACHABLE_CODE = YES;
				CLANG_WARN__DUPLICATE_METHOD_MATCH = YES;
				"CODE_SIGN_IDENTITY[sdk=iphoneos*]" = "iPhone Developer";
				COPY_PHASE_STRIP = NO;
				DEBUG_INFORMATION_FORMAT = "dwarf-with-dsym";
				ENABLE_NS_ASSERTIONS = NO;
				ENABLE_STRICT_OBJC_MSGSEND = YES;
				GCC_C_LANGUAGE_STANDARD = gnu99;
				GCC_NO_COMMON_BLOCKS = YES;
				GCC_WARN_64_TO_32_BIT_CONVERSION = YES;
				GCC_WARN_ABOUT_RETURN_TYPE = YES_ERROR;
				GCC_WARN_UNDECLARED_SELECTOR = YES;
				GCC_WARN_UNINITIALIZED_AUTOS = YES_AGGRESSIVE;
				GCC_WARN_UNUSED_FUNCTION = YES;
				GCC_WARN_UNUSED_VARIABLE = YES;
				IPHONEOS_DEPLOYMENT_TARGET = 9.2;
				MTL_ENABLE_DEBUG_INFO = NO;
				SDKROOT = iphoneos;
				VALIDATE_PRODUCT = YES;
			};
			name = Release;
		};
		186CF8CF1CA1523B002BBF61 /* Debug */ = {
			isa = XCBuildConfiguration;
			buildSettings = {
				ASSETCATALOG_COMPILER_APPICON_NAME = AppIcon;
				INFOPLIST_FILE = UrlRouteSample/Info.plist;
				LD_RUNPATH_SEARCH_PATHS = "$(inherited) @executable_path/Frameworks";
				PRODUCT_BUNDLE_IDENTIFIER = com.shudong.urlRoute.UrlRouteSample;
				PRODUCT_NAME = "$(TARGET_NAME)";
			};
			name = Debug;
		};
		186CF8D01CA1523B002BBF61 /* Release */ = {
			isa = XCBuildConfiguration;
			buildSettings = {
				ASSETCATALOG_COMPILER_APPICON_NAME = AppIcon;
				INFOPLIST_FILE = UrlRouteSample/Info.plist;
				LD_RUNPATH_SEARCH_PATHS = "$(inherited) @executable_path/Frameworks";
				PRODUCT_BUNDLE_IDENTIFIER = com.shudong.urlRoute.UrlRouteSample;
				PRODUCT_NAME = "$(TARGET_NAME)";
			};
			name = Release;
		};
/* End XCBuildConfiguration section */

/* Begin XCConfigurationList section */
		186CF8B21CA1523B002BBF61 /* Build configuration list for PBXProject "UrlRouteSample" */ = {
			isa = XCConfigurationList;
			buildConfigurations = (
				186CF8CC1CA1523B002BBF61 /* Debug */,
				186CF8CD1CA1523B002BBF61 /* Release */,
			);
			defaultConfigurationIsVisible = 0;
			defaultConfigurationName = Release;
		};
		186CF8CE1CA1523B002BBF61 /* Build configuration list for PBXNativeTarget "UrlRouteSample" */ = {
			isa = XCConfigurationList;
			buildConfigurations = (
				186CF8CF1CA1523B002BBF61 /* Debug */,
				186CF8D01CA1523B002BBF61 /* Release */,
			);
			defaultConfigurationIsVisible = 0;
			defaultConfigurationName = Release;
		};
/* End XCConfigurationList section */
	};
	rootObject = 186CF8AF1CA1523B002BBF61 /* Project object */;
}
